
Microsoft Visual Studio Solution File, Format Version 12.00
# Visual Studio Version 16
VisualStudioVersion = 16.0.31129.286
MinimumVisualStudioVersion = 10.0.40219.1
Project("{FAE04EC0-301F-11D3-BF4B-00C04F79EFBC}") = "ToDoList", "ToDoList\ToDoList.csproj", "{28326195-DBC6-4F20-B266-CA7A579CCA44}"
EndProject
Project("{2150E333-8FDC-42A3-9474-1A3956D46DE8}") = "BLL", "BLL", "{960C6FFF-E591-45A4-B157-46559DE885EA}"
EndProject
Project("{2150E333-8FDC-42A3-9474-1A3956D46DE8}") = "DAL", "DAL", "{33C3CEDF-749D-44D5-A5C2-94BC33B70AAF}"
EndProject
Project("{2150E333-8FDC-42A3-9474-1A3956D46DE8}") = "ConsolePL", "ConsolePL", "{AA79930E-9972-471B-997F-66B32D3F935C}"
EndProject
Project("{FAE04EC0-301F-11D3-BF4B-00C04F79EFBC}") = "BLL.Interfaces", "BLL.Interfaces\BLL.Interfaces.csproj", "{550B6610-43D7-4B77-A90C-2E3AA629A677}"
EndProject
Project("{FAE04EC0-301F-11D3-BF4B-00C04F79EFBC}") = "BLL.Services", "BLL.Services\BLL.Services.csproj", "{A8202076-F6C0-412F-B777-C9B83F80AD51}"
EndProject
Project("{FAE04EC0-301F-11D3-BF4B-00C04F79EFBC}") = "DAL.Interfaces", "DAL.Interfaces\DAL.Interfaces.csproj", "{D432DF07-7CA1-4538-B3FB-9D4D9CF90AB3}"
EndProject
Project("{FAE04EC0-301F-11D3-BF4B-00C04F79EFBC}") = "DAL.Services", "DAL.Services\DAL.Services.csproj", "{FCE486ED-EE04-431C-97AD-31BDE92F4206}"
EndProject
Project("{2150E333-8FDC-42A3-9474-1A3956D46DE8}") = "Common", "Common", "{C3378171-FB34-427E-9462-F6E1741C36A8}"
EndProject
Project("{FAE04EC0-301F-11D3-BF4B-00C04F79EFBC}") = "Entities", "Entities\Entities.csproj", "{4597DDDE-9740-453C-8552-4CFABCA44ED4}"
EndProject
Project("{FAE04EC0-301F-11D3-BF4B-00C04F79EFBC}") = "Shared", "MemoryCache\Shared.csproj", "{D089A082-E9BF-4633-900D-720B1134BD09}"
EndProject
Project("{FAE04EC0-301F-11D3-BF4B-00C04F79EFBC}") = "JsonSettings", "JsonSettings\JsonSettings.csproj", "{4292CB9E-21D3-4FB2-BA11-2412011A8195}"
EndProject
Global
	GlobalSection(SolutionConfigurationPlatforms) = preSolution
		Debug|Any CPU = Debug|Any CPU
		Release|Any CPU = Release|Any CPU
	EndGlobalSection
	GlobalSection(ProjectConfigurationPlatforms) = postSolution
		{28326195-DBC6-4F20-B266-CA7A579CCA44}.Debug|Any CPU.ActiveCfg = Debug|Any CPU
		{28326195-DBC6-4F20-B266-CA7A579CCA44}.Debug|Any CPU.Build.0 = Debug|Any CPU
		{28326195-DBC6-4F20-B266-CA7A579CCA44}.Release|Any CPU.ActiveCfg = Release|Any CPU
		{28326195-DBC6-4F20-B266-CA7A579CCA44}.Release|Any CPU.Build.0 = Release|Any CPU
		{550B6610-43D7-4B77-A90C-2E3AA629A677}.Debug|Any CPU.ActiveCfg = Debug|Any CPU
		{550B6610-43D7-4B77-A90C-2E3AA629A677}.Debug|Any CPU.Build.0 = Debug|Any CPU
		{550B6610-43D7-4B77-A90C-2E3AA629A677}.Release|Any CPU.ActiveCfg = Release|Any CPU
		{550B6610-43D7-4B77-A90C-2E3AA629A677}.Release|Any CPU.Build.0 = Release|Any CPU
		{A8202076-F6C0-412F-B777-C9B83F80AD51}.Debug|Any CPU.ActiveCfg = Debug|Any CPU
		{A8202076-F6C0-412F-B777-C9B83F80AD51}.Debug|Any CPU.Build.0 = Debug|Any CPU
		{A8202076-F6C0-412F-B777-C9B83F80AD51}.Release|Any CPU.ActiveCfg = Release|Any CPU
		{A8202076-F6C0-412F-B777-C9B83F80AD51}.Release|Any CPU.Build.0 = Release|Any CPU
		{D432DF07-7CA1-4538-B3FB-9D4D9CF90AB3}.Debug|Any CPU.ActiveCfg = Debug|Any CPU
		{D432DF07-7CA1-4538-B3FB-9D4D9CF90AB3}.Debug|Any CPU.Build.0 = Debug|Any CPU
		{D432DF07-7CA1-4538-B3FB-9D4D9CF90AB3}.Release|Any CPU.ActiveCfg = Release|Any CPU
		{D432DF07-7CA1-4538-B3FB-9D4D9CF90AB3}.Release|Any CPU.Build.0 = Release|Any CPU
		{FCE486ED-EE04-431C-97AD-31BDE92F4206}.Debug|Any CPU.ActiveCfg = Debug|Any CPU
		{FCE486ED-EE04-431C-97AD-31BDE92F4206}.Debug|Any CPU.Build.0 = Debug|Any CPU
		{FCE486ED-EE04-431C-97AD-31BDE92F4206}.Release|Any CPU.ActiveCfg = Release|Any CPU
		{FCE486ED-EE04-431C-97AD-31BDE92F4206}.Release|Any CPU.Build.0 = Release|Any CPU
		{4597DDDE-9740-453C-8552-4CFABCA44ED4}.Debug|Any CPU.ActiveCfg = Debug|Any CPU
		{4597DDDE-9740-453C-8552-4CFABCA44ED4}.Debug|Any CPU.Build.0 = Debug|Any CPU
		{4597DDDE-9740-453C-8552-4CFABCA44ED4}.Release|Any CPU.ActiveCfg = Release|Any CPU
		{4597DDDE-9740-453C-8552-4CFABCA44ED4}.Release|Any CPU.Build.0 = Release|Any CPU
		{D089A082-E9BF-4633-900D-720B1134BD09}.Debug|Any CPU.ActiveCfg = Debug|Any CPU
		{D089A082-E9BF-4633-900D-720B1134BD09}.Debug|Any CPU.Build.0 = Debug|Any CPU
		{D089A082-E9BF-4633-900D-720B1134BD09}.Release|Any CPU.ActiveCfg = Release|Any CPU
		{D089A082-E9BF-4633-900D-720B1134BD09}.Release|Any CPU.Build.0 = Release|Any CPU
		{4292CB9E-21D3-4FB2-BA11-2412011A8195}.Debug|Any CPU.ActiveCfg = Debug|Any CPU
		{4292CB9E-21D3-4FB2-BA11-2412011A8195}.Debug|Any CPU.Build.0 = Debug|Any CPU
		{4292CB9E-21D3-4FB2-BA11-2412011A8195}.Release|Any CPU.ActiveCfg = Release|Any CPU
		{4292CB9E-21D3-4FB2-BA11-2412011A8195}.Release|Any CPU.Build.0 = Release|Any CPU
	EndGlobalSection
	GlobalSection(SolutionProperties) = preSolution
		HideSolutionNode = FALSE
	EndGlobalSection
	GlobalSection(NestedProjects) = preSolution
		{28326195-DBC6-4F20-B266-CA7A579CCA44} = {AA79930E-9972-471B-997F-66B32D3F935C}
		{550B6610-43D7-4B77-A90C-2E3AA629A677} = {960C6FFF-E591-45A4-B157-46559DE885EA}
		{A8202076-F6C0-412F-B777-C9B83F80AD51} = {960C6FFF-E591-45A4-B157-46559DE885EA}
		{D432DF07-7CA1-4538-B3FB-9D4D9CF90AB3} = {33C3CEDF-749D-44D5-A5C2-94BC33B70AAF}
		{FCE486ED-EE04-431C-97AD-31BDE92F4206} = {33C3CEDF-749D-44D5-A5C2-94BC33B70AAF}
		{4597DDDE-9740-453C-8552-4CFABCA44ED4} = {C3378171-FB34-427E-9462-F6E1741C36A8}
		{D089A082-E9BF-4633-900D-720B1134BD09} = {C3378171-FB34-427E-9462-F6E1741C36A8}
		{4292CB9E-21D3-4FB2-BA11-2412011A8195} = {C3378171-FB34-427E-9462-F6E1741C36A8}
	EndGlobalSection
	GlobalSection(ExtensibilityGlobals) = postSolution
		SolutionGuid = {B6FC0CE3-0680-466F-B70E-048723F3F4D2}
	EndGlobalSection
EndGlobal
